{
  "name": "live-sub-app",
  "version": "1.0.0",
  "lockfileVersion": 3,
  "requires": true,
  "packages": {
    "": {
      "name": "live-sub-app",
      "version": "1.0.0",
      "license": "MIT",
      "dependencies": {
        "nodemailer": "^10.0.10"
      },
      "engines": {
        "node": ">=14"
      }
    },
    "node_modules/nodemailer": {
      "version": "10.0.10",
      "resolved": "https://registry.npmjs.org/nodemailer/-/nodemailer-10.0.10.tgz",
      "integrity": "sha512-He9XskOFms62SyAKkLu8CcGcYHAo+BSHSsORI8s4PJH8qZgZY4L4lDfvyN0twvmbpyG+eGrxpyBlskj9d9rJ8A==",
      "license": "MIT-0",
      "engines": {
        "node": ">=20.0.0"
      }
    }
  }
}
